
Microsoft Visual Studio Solution File, Format Version 12.00
# Visual Studio 2012
Project("{FAE04EC0-301F-11D3-BF4B-00C04F79EFBC}") = "Basement.Framework", "..\Basement.Framework\Basement.Framework.csproj", "{D3773D9D-0EC4-4ECF-8294-2185CAC79926}"
EndProject
Project("{FAE04EC0-301F-11D3-BF4B-00C04F79EFBC}") = "Basement.Framework.Unit", "Basement.Framework.Unit\Basement.Framework.Unit.csproj", "{D98C0E3E-3E3B-4D7B-853C-A880117DDAB2}"
EndProject
Project("{FAE04EC0-301F-11D3-BF4B-00C04F79EFBC}") = "Basement.Models", "Basement.Models\Basement.Models.csproj", "{D323CD5B-7D6F-4508-AAA1-1EB77F473AB1}"
EndProject
Project("{FAE04EC0-301F-11D3-BF4B-00C04F79EFBC}") = "WebSite", "WebSite\WebSite.csproj", "{25EC6557-7978-4B52-B6EE-31A6BAED43D9}"
EndProject
Project("{FAE04EC0-301F-11D3-BF4B-00C04F79EFBC}") = "AspNetWebApi.JUnit", "AspNetWebApi.JUnit\AspNetWebApi.JUnit.csproj", "{A7315743-4946-47C7-80A1-71641C667B26}"
EndProject
Project("{2150E333-8FDC-42A3-9474-1A3956D46DE8}") = "Basement.Framework.Test", "Basement.Framework.Test", "{02E0A2C0-E847-4B06-A5D2-D4802C66A253}"
EndProject
Project("{FAE04EC0-301F-11D3-BF4B-00C04F79EFBC}") = "Basement.Framework.UnitTest", "Basement.Framework.UnitTest\Basement.Framework.UnitTest.csproj", "{DA938F8D-3FE5-4EB7-89D5-23C947FB5853}"
EndProject
Global
	GlobalSection(SolutionConfigurationPlatforms) = preSolution
		Debug|Any CPU = Debug|Any CPU
		Release|Any CPU = Release|Any CPU
	EndGlobalSection
	GlobalSection(ProjectConfigurationPlatforms) = postSolution
		{D3773D9D-0EC4-4ECF-8294-2185CAC79926}.Debug|Any CPU.ActiveCfg = Debug|Any CPU
		{D3773D9D-0EC4-4ECF-8294-2185CAC79926}.Debug|Any CPU.Build.0 = Debug|Any CPU
		{D3773D9D-0EC4-4ECF-8294-2185CAC79926}.Release|Any CPU.ActiveCfg = Release|Any CPU
		{D3773D9D-0EC4-4ECF-8294-2185CAC79926}.Release|Any CPU.Build.0 = Release|Any CPU
		{D98C0E3E-3E3B-4D7B-853C-A880117DDAB2}.Debug|Any CPU.ActiveCfg = Debug|Any CPU
		{D98C0E3E-3E3B-4D7B-853C-A880117DDAB2}.Debug|Any CPU.Build.0 = Debug|Any CPU
		{D98C0E3E-3E3B-4D7B-853C-A880117DDAB2}.Release|Any CPU.ActiveCfg = Release|Any CPU
		{D98C0E3E-3E3B-4D7B-853C-A880117DDAB2}.Release|Any CPU.Build.0 = Release|Any CPU
		{D323CD5B-7D6F-4508-AAA1-1EB77F473AB1}.Debug|Any CPU.ActiveCfg = Debug|Any CPU
		{D323CD5B-7D6F-4508-AAA1-1EB77F473AB1}.Debug|Any CPU.Build.0 = Debug|Any CPU
		{D323CD5B-7D6F-4508-AAA1-1EB77F473AB1}.Release|Any CPU.ActiveCfg = Release|Any CPU
		{D323CD5B-7D6F-4508-AAA1-1EB77F473AB1}.Release|Any CPU.Build.0 = Release|Any CPU
		{25EC6557-7978-4B52-B6EE-31A6BAED43D9}.Debug|Any CPU.ActiveCfg = Debug|Any CPU
		{25EC6557-7978-4B52-B6EE-31A6BAED43D9}.Debug|Any CPU.Build.0 = Debug|Any CPU
		{25EC6557-7978-4B52-B6EE-31A6BAED43D9}.Release|Any CPU.ActiveCfg = Release|Any CPU
		{25EC6557-7978-4B52-B6EE-31A6BAED43D9}.Release|Any CPU.Build.0 = Release|Any CPU
		{A7315743-4946-47C7-80A1-71641C667B26}.Debug|Any CPU.ActiveCfg = Debug|Any CPU
		{A7315743-4946-47C7-80A1-71641C667B26}.Debug|Any CPU.Build.0 = Debug|Any CPU
		{A7315743-4946-47C7-80A1-71641C667B26}.Release|Any CPU.ActiveCfg = Release|Any CPU
		{A7315743-4946-47C7-80A1-71641C667B26}.Release|Any CPU.Build.0 = Release|Any CPU
		{DA938F8D-3FE5-4EB7-89D5-23C947FB5853}.Debug|Any CPU.ActiveCfg = Debug|Any CPU
		{DA938F8D-3FE5-4EB7-89D5-23C947FB5853}.Debug|Any CPU.Build.0 = Debug|Any CPU
		{DA938F8D-3FE5-4EB7-89D5-23C947FB5853}.Release|Any CPU.ActiveCfg = Release|Any CPU
		{DA938F8D-3FE5-4EB7-89D5-23C947FB5853}.Release|Any CPU.Build.0 = Release|Any CPU
	EndGlobalSection
	GlobalSection(SolutionProperties) = preSolution
		HideSolutionNode = FALSE
	EndGlobalSection
	GlobalSection(NestedProjects) = preSolution
		{25EC6557-7978-4B52-B6EE-31A6BAED43D9} = {02E0A2C0-E847-4B06-A5D2-D4802C66A253}
		{A7315743-4946-47C7-80A1-71641C667B26} = {02E0A2C0-E847-4B06-A5D2-D4802C66A253}
		{D98C0E3E-3E3B-4D7B-853C-A880117DDAB2} = {02E0A2C0-E847-4B06-A5D2-D4802C66A253}
		{DA938F8D-3FE5-4EB7-89D5-23C947FB5853} = {02E0A2C0-E847-4B06-A5D2-D4802C66A253}
	EndGlobalSection
EndGlobal
